
Microsoft Visual Studio Solution File, Format Version 12.00
# Visual Studio Version 17
VisualStudioVersion = 17.5.33627.172
MinimumVisualStudioVersion = 10.0.40219.1
Project("{9A19103F-16F7-4668-BE54-9A1E7A4F7556}") = "OOP-Exercises", "OOP-Exercises.csproj", "{9150EE8A-AF83-4BA7-8B03-7B5429CFFEA3}"
EndProject
Project("{2150E333-8FDC-42A3-9474-1A3956D46DE8}") = "Inheritance", "Inheritance", "{D3613944-CDEE-4A5C-A0E5-CC7F6DE9AE1B}"
EndProject
Project("{2150E333-8FDC-42A3-9474-1A3956D46DE8}") = "ExerciseOne", "ExerciseOne", "{24E709C8-2D49-46BD-96BC-B24406E46BF9}"
EndProject
Project("{9A19103F-16F7-4668-BE54-9A1E7A4F7556}") = "Farm", "..\Farm\Farm.csproj", "{1B36AF05-BF4A-469F-B1E8-82E4101AD7AD}"
EndProject
Project("{2150E333-8FDC-42A3-9474-1A3956D46DE8}") = "ExerciseTwo", "ExerciseTwo", "{609BFDAD-79FE-4DED-8120-34CFFB6ADC1F}"
EndProject
Project("{9A19103F-16F7-4668-BE54-9A1E7A4F7556}") = "Farm", "..\OOP\Farm\Farm.csproj", "{2CAA8DB3-5D12-4297-AE76-882E6FB168FC}"
EndProject
Project("{9A19103F-16F7-4668-BE54-9A1E7A4F7556}") = "Farm", "..\OOP\ex3\Farm\Farm.csproj", "{BBE67C6D-B8A9-4366-909C-A0F89F48487F}"
EndProject
Project("{2150E333-8FDC-42A3-9474-1A3956D46DE8}") = "ExerciseThree", "ExerciseThree", "{CAE7505C-187E-4CA5-B6FE-F91D39DF4A8F}"
EndProject
Project("{2150E333-8FDC-42A3-9474-1A3956D46DE8}") = "ExerciseFour", "ExerciseFour", "{7507065E-A77F-42ED-A268-076A88BC3160}"
EndProject
Project("{9A19103F-16F7-4668-BE54-9A1E7A4F7556}") = "CustomRandomList", "..\CustomRandomList\CustomRandomList.csproj", "{5339A0CE-7DA0-4921-A161-5D372B3348BA}"
EndProject
Project("{2150E333-8FDC-42A3-9474-1A3956D46DE8}") = "ExerciseFive", "ExerciseFive", "{0AB4F4E9-0E8C-4240-BBAA-FC57DD0042D2}"
EndProject
Project("{9A19103F-16F7-4668-BE54-9A1E7A4F7556}") = "CustomStack", "..\StackOfStrings\CustomStack.csproj", "{9C5D7EAD-D439-4223-9DFB-698DA07B4C55}"
EndProject
Project("{2150E333-8FDC-42A3-9474-1A3956D46DE8}") = "Ex.Ex1", "Ex.Ex1", "{68A7C017-718D-454C-8B63-D363F0602882}"
EndProject
Project("{9A19103F-16F7-4668-BE54-9A1E7A4F7556}") = "PersonTask", "..\OOP\Inheritance\ConsoleApp1\PersonTask.csproj", "{A09788F7-9FCC-44DD-8B0C-C3F276827195}"
EndProject
Project("{2150E333-8FDC-42A3-9474-1A3956D46DE8}") = "Encapsulation", "Encapsulation", "{C08C8F27-EFC4-4CA0-B904-B08C5EE73155}"
EndProject
Project("{9A19103F-16F7-4668-BE54-9A1E7A4F7556}") = "SortPeopleByNameAndAge", "..\SortPeopleByNameAndAge\SortPeopleByNameAndAge.csproj", "{5E5320AF-41C7-4DC0-AD47-92465EF4ADA5}"
EndProject
Project("{9A19103F-16F7-4668-BE54-9A1E7A4F7556}") = "SalaryEncaps", "..\SalaryEncaps\SalaryEncaps.csproj", "{A18BFE08-8CF1-4A70-9D86-8B58812C3A89}"
EndProject
Project("{9A19103F-16F7-4668-BE54-9A1E7A4F7556}") = "PersonsInfo", "..\PersonsInfo\PersonsInfo.csproj", "{33779EC4-7337-4445-BB0F-81FE1E577341}"
EndProject
Project("{2150E333-8FDC-42A3-9474-1A3956D46DE8}") = "Abstraction", "Abstraction", "{68561150-DBF9-4783-8341-C95EF099AFA2}"
EndProject
Project("{FAE04EC0-301F-11D3-BF4B-00C04F79EFBC}") = "AbstractingAclass", "..\AbstractingAclass\AbstractingAclass.csproj", "{268A8B98-29D4-41C2-9BDF-6EBBFE4A5937}"
EndProject
Project("{2150E333-8FDC-42A3-9474-1A3956D46DE8}") = "WeirdOOPStuff", "WeirdOOPStuff", "{F4E13AFC-2317-4B56-8C5A-1C92443BBD3B}"
EndProject
Project("{FAE04EC0-301F-11D3-BF4B-00C04F79EFBC}") = "Asteroids", "..\Asteroids\Asteroids.csproj", "{EAD82A92-2D95-4832-9935-C3BDEC3C9E4E}"
EndProject
Global
	GlobalSection(SolutionConfigurationPlatforms) = preSolution
		Debug|Any CPU = Debug|Any CPU
		Release|Any CPU = Release|Any CPU
	EndGlobalSection
	GlobalSection(ProjectConfigurationPlatforms) = postSolution
		{9150EE8A-AF83-4BA7-8B03-7B5429CFFEA3}.Debug|Any CPU.ActiveCfg = Debug|Any CPU
		{9150EE8A-AF83-4BA7-8B03-7B5429CFFEA3}.Debug|Any CPU.Build.0 = Debug|Any CPU
		{9150EE8A-AF83-4BA7-8B03-7B5429CFFEA3}.Release|Any CPU.ActiveCfg = Release|Any CPU
		{9150EE8A-AF83-4BA7-8B03-7B5429CFFEA3}.Release|Any CPU.Build.0 = Release|Any CPU
		{1B36AF05-BF4A-469F-B1E8-82E4101AD7AD}.Debug|Any CPU.ActiveCfg = Debug|Any CPU
		{1B36AF05-BF4A-469F-B1E8-82E4101AD7AD}.Debug|Any CPU.Build.0 = Debug|Any CPU
		{1B36AF05-BF4A-469F-B1E8-82E4101AD7AD}.Release|Any CPU.ActiveCfg = Release|Any CPU
		{1B36AF05-BF4A-469F-B1E8-82E4101AD7AD}.Release|Any CPU.Build.0 = Release|Any CPU
		{2CAA8DB3-5D12-4297-AE76-882E6FB168FC}.Debug|Any CPU.ActiveCfg = Debug|Any CPU
		{2CAA8DB3-5D12-4297-AE76-882E6FB168FC}.Debug|Any CPU.Build.0 = Debug|Any CPU
		{2CAA8DB3-5D12-4297-AE76-882E6FB168FC}.Release|Any CPU.ActiveCfg = Release|Any CPU
		{2CAA8DB3-5D12-4297-AE76-882E6FB168FC}.Release|Any CPU.Build.0 = Release|Any CPU
		{BBE67C6D-B8A9-4366-909C-A0F89F48487F}.Debug|Any CPU.ActiveCfg = Debug|Any CPU
		{BBE67C6D-B8A9-4366-909C-A0F89F48487F}.Debug|Any CPU.Build.0 = Debug|Any CPU
		{BBE67C6D-B8A9-4366-909C-A0F89F48487F}.Release|Any CPU.ActiveCfg = Release|Any CPU
		{BBE67C6D-B8A9-4366-909C-A0F89F48487F}.Release|Any CPU.Build.0 = Release|Any CPU
		{5339A0CE-7DA0-4921-A161-5D372B3348BA}.Debug|Any CPU.ActiveCfg = Debug|Any CPU
		{5339A0CE-7DA0-4921-A161-5D372B3348BA}.Debug|Any CPU.Build.0 = Debug|Any CPU
		{5339A0CE-7DA0-4921-A161-5D372B3348BA}.Release|Any CPU.ActiveCfg = Release|Any CPU
		{5339A0CE-7DA0-4921-A161-5D372B3348BA}.Release|Any CPU.Build.0 = Release|Any CPU
		{9C5D7EAD-D439-4223-9DFB-698DA07B4C55}.Debug|Any CPU.ActiveCfg = Debug|Any CPU
		{9C5D7EAD-D439-4223-9DFB-698DA07B4C55}.Debug|Any CPU.Build.0 = Debug|Any CPU
		{9C5D7EAD-D439-4223-9DFB-698DA07B4C55}.Release|Any CPU.ActiveCfg = Release|Any CPU
		{9C5D7EAD-D439-4223-9DFB-698DA07B4C55}.Release|Any CPU.Build.0 = Release|Any CPU
		{A09788F7-9FCC-44DD-8B0C-C3F276827195}.Debug|Any CPU.ActiveCfg = Debug|Any CPU
		{A09788F7-9FCC-44DD-8B0C-C3F276827195}.Debug|Any CPU.Build.0 = Debug|Any CPU
		{A09788F7-9FCC-44DD-8B0C-C3F276827195}.Release|Any CPU.ActiveCfg = Release|Any CPU
		{A09788F7-9FCC-44DD-8B0C-C3F276827195}.Release|Any CPU.Build.0 = Release|Any CPU
		{5E5320AF-41C7-4DC0-AD47-92465EF4ADA5}.Debug|Any CPU.ActiveCfg = Debug|Any CPU
		{5E5320AF-41C7-4DC0-AD47-92465EF4ADA5}.Debug|Any CPU.Build.0 = Debug|Any CPU
		{5E5320AF-41C7-4DC0-AD47-92465EF4ADA5}.Release|Any CPU.ActiveCfg = Release|Any CPU
		{5E5320AF-41C7-4DC0-AD47-92465EF4ADA5}.Release|Any CPU.Build.0 = Release|Any CPU
		{A18BFE08-8CF1-4A70-9D86-8B58812C3A89}.Debug|Any CPU.ActiveCfg = Debug|Any CPU
		{A18BFE08-8CF1-4A70-9D86-8B58812C3A89}.Debug|Any CPU.Build.0 = Debug|Any CPU
		{A18BFE08-8CF1-4A70-9D86-8B58812C3A89}.Release|Any CPU.ActiveCfg = Release|Any CPU
		{A18BFE08-8CF1-4A70-9D86-8B58812C3A89}.Release|Any CPU.Build.0 = Release|Any CPU
		{33779EC4-7337-4445-BB0F-81FE1E577341}.Debug|Any CPU.ActiveCfg = Debug|Any CPU
		{33779EC4-7337-4445-BB0F-81FE1E577341}.Debug|Any CPU.Build.0 = Debug|Any CPU
		{33779EC4-7337-4445-BB0F-81FE1E577341}.Release|Any CPU.ActiveCfg = Release|Any CPU
		{33779EC4-7337-4445-BB0F-81FE1E577341}.Release|Any CPU.Build.0 = Release|Any CPU
		{268A8B98-29D4-41C2-9BDF-6EBBFE4A5937}.Debug|Any CPU.ActiveCfg = Debug|Any CPU
		{268A8B98-29D4-41C2-9BDF-6EBBFE4A5937}.Debug|Any CPU.Build.0 = Debug|Any CPU
		{268A8B98-29D4-41C2-9BDF-6EBBFE4A5937}.Release|Any CPU.ActiveCfg = Release|Any CPU
		{268A8B98-29D4-41C2-9BDF-6EBBFE4A5937}.Release|Any CPU.Build.0 = Release|Any CPU
		{EAD82A92-2D95-4832-9935-C3BDEC3C9E4E}.Debug|Any CPU.ActiveCfg = Debug|Any CPU
		{EAD82A92-2D95-4832-9935-C3BDEC3C9E4E}.Debug|Any CPU.Build.0 = Debug|Any CPU
		{EAD82A92-2D95-4832-9935-C3BDEC3C9E4E}.Release|Any CPU.ActiveCfg = Release|Any CPU
		{EAD82A92-2D95-4832-9935-C3BDEC3C9E4E}.Release|Any CPU.Build.0 = Release|Any CPU
	EndGlobalSection
	GlobalSection(SolutionProperties) = preSolution
		HideSolutionNode = FALSE
	EndGlobalSection
	GlobalSection(NestedProjects) = preSolution
		{24E709C8-2D49-46BD-96BC-B24406E46BF9} = {D3613944-CDEE-4A5C-A0E5-CC7F6DE9AE1B}
		{1B36AF05-BF4A-469F-B1E8-82E4101AD7AD} = {24E709C8-2D49-46BD-96BC-B24406E46BF9}
		{609BFDAD-79FE-4DED-8120-34CFFB6ADC1F} = {D3613944-CDEE-4A5C-A0E5-CC7F6DE9AE1B}
		{2CAA8DB3-5D12-4297-AE76-882E6FB168FC} = {609BFDAD-79FE-4DED-8120-34CFFB6ADC1F}
		{BBE67C6D-B8A9-4366-909C-A0F89F48487F} = {CAE7505C-187E-4CA5-B6FE-F91D39DF4A8F}
		{CAE7505C-187E-4CA5-B6FE-F91D39DF4A8F} = {D3613944-CDEE-4A5C-A0E5-CC7F6DE9AE1B}
		{7507065E-A77F-42ED-A268-076A88BC3160} = {D3613944-CDEE-4A5C-A0E5-CC7F6DE9AE1B}
		{5339A0CE-7DA0-4921-A161-5D372B3348BA} = {7507065E-A77F-42ED-A268-076A88BC3160}
		{0AB4F4E9-0E8C-4240-BBAA-FC57DD0042D2} = {D3613944-CDEE-4A5C-A0E5-CC7F6DE9AE1B}
		{9C5D7EAD-D439-4223-9DFB-698DA07B4C55} = {0AB4F4E9-0E8C-4240-BBAA-FC57DD0042D2}
		{68A7C017-718D-454C-8B63-D363F0602882} = {D3613944-CDEE-4A5C-A0E5-CC7F6DE9AE1B}
		{A09788F7-9FCC-44DD-8B0C-C3F276827195} = {68A7C017-718D-454C-8B63-D363F0602882}
		{5E5320AF-41C7-4DC0-AD47-92465EF4ADA5} = {C08C8F27-EFC4-4CA0-B904-B08C5EE73155}
		{A18BFE08-8CF1-4A70-9D86-8B58812C3A89} = {C08C8F27-EFC4-4CA0-B904-B08C5EE73155}
		{33779EC4-7337-4445-BB0F-81FE1E577341} = {C08C8F27-EFC4-4CA0-B904-B08C5EE73155}
		{268A8B98-29D4-41C2-9BDF-6EBBFE4A5937} = {68561150-DBF9-4783-8341-C95EF099AFA2}
		{EAD82A92-2D95-4832-9935-C3BDEC3C9E4E} = {F4E13AFC-2317-4B56-8C5A-1C92443BBD3B}
	EndGlobalSection
	GlobalSection(ExtensibilityGlobals) = postSolution
		SolutionGuid = {4E21F9FE-1A52-40CE-B107-BA99A4090D3E}
	EndGlobalSection
EndGlobal
