
Microsoft Visual Studio Solution File, Format Version 12.00
# Visual Studio Version 17
VisualStudioVersion = 17.5.33627.172
MinimumVisualStudioVersion = 10.0.40219.1
Project("{9A19103F-16F7-4668-BE54-9A1E7A4F7556}") = "TryingTOCreateABinaryTree", "TryingTOCreateABinaryTree.csproj", "{BB4994C0-FDAD-4F36-A35B-B6841C04A8E1}"
EndProject
Project("{FAE04EC0-301F-11D3-BF4B-00C04F79EFBC}") = "BinaryBruh", "..\BinaryBruh\BinaryBruh.csproj", "{67F1C663-1811-4DF3-8268-1CAC62B16BC8}"
EndProject
Global
	GlobalSection(SolutionConfigurationPlatforms) = preSolution
		Debug|Any CPU = Debug|Any CPU
		Release|Any CPU = Release|Any CPU
	EndGlobalSection
	GlobalSection(ProjectConfigurationPlatforms) = postSolution
		{BB4994C0-FDAD-4F36-A35B-B6841C04A8E1}.Debug|Any CPU.ActiveCfg = Debug|Any CPU
		{BB4994C0-FDAD-4F36-A35B-B6841C04A8E1}.Debug|Any CPU.Build.0 = Debug|Any CPU
		{BB4994C0-FDAD-4F36-A35B-B6841C04A8E1}.Release|Any CPU.ActiveCfg = Release|Any CPU
		{BB4994C0-FDAD-4F36-A35B-B6841C04A8E1}.Release|Any CPU.Build.0 = Release|Any CPU
		{67F1C663-1811-4DF3-8268-1CAC62B16BC8}.Debug|Any CPU.ActiveCfg = Debug|Any CPU
		{67F1C663-1811-4DF3-8268-1CAC62B16BC8}.Debug|Any CPU.Build.0 = Debug|Any CPU
		{67F1C663-1811-4DF3-8268-1CAC62B16BC8}.Release|Any CPU.ActiveCfg = Release|Any CPU
		{67F1C663-1811-4DF3-8268-1CAC62B16BC8}.Release|Any CPU.Build.0 = Release|Any CPU
	EndGlobalSection
	GlobalSection(SolutionProperties) = preSolution
		HideSolutionNode = FALSE
	EndGlobalSection
	GlobalSection(ExtensibilityGlobals) = postSolution
		SolutionGuid = {58FF66D3-A6FF-43E1-AF47-50E19A95834C}
	EndGlobalSection
EndGlobal
